
Microsoft Visual Studio Solution File, Format Version 12.00
# Visual Studio Version 17
VisualStudioVersion = 17.3.32901.215
MinimumVisualStudioVersion = 10.0.40219.1
Project("{9A19103F-16F7-4668-BE54-9A1E7A4F7556}") = "ChatClient", "ChatApplication\ChatClient.csproj", "{81CFF110-2F96-4AA4-978B-E5A452BD9C95}"
EndProject
Project("{FAE04EC0-301F-11D3-BF4B-00C04F79EFBC}") = "ChatServer", "ChatServer\ChatServer.csproj", "{A000C46B-A728-484C-AD44-20438535E154}"
EndProject
Global
	GlobalSection(SolutionConfigurationPlatforms) = preSolution
		Debug|Any CPU = Debug|Any CPU
		Release|Any CPU = Release|Any CPU
	EndGlobalSection
	GlobalSection(ProjectConfigurationPlatforms) = postSolution
		{81CFF110-2F96-4AA4-978B-E5A452BD9C95}.Debug|Any CPU.ActiveCfg = Debug|Any CPU
		{81CFF110-2F96-4AA4-978B-E5A452BD9C95}.Debug|Any CPU.Build.0 = Debug|Any CPU
		{81CFF110-2F96-4AA4-978B-E5A452BD9C95}.Release|Any CPU.ActiveCfg = Release|Any CPU
		{81CFF110-2F96-4AA4-978B-E5A452BD9C95}.Release|Any CPU.Build.0 = Release|Any CPU
		{A000C46B-A728-484C-AD44-20438535E154}.Debug|Any CPU.ActiveCfg = Debug|Any CPU
		{A000C46B-A728-484C-AD44-20438535E154}.Debug|Any CPU.Build.0 = Debug|Any CPU
		{A000C46B-A728-484C-AD44-20438535E154}.Release|Any CPU.ActiveCfg = Release|Any CPU
		{A000C46B-A728-484C-AD44-20438535E154}.Release|Any CPU.Build.0 = Release|Any CPU
	EndGlobalSection
	GlobalSection(SolutionProperties) = preSolution
		HideSolutionNode = FALSE
	EndGlobalSection
	GlobalSection(ExtensibilityGlobals) = postSolution
		SolutionGuid = {5F8AD3F3-CF6B-4CE6-9C3C-41549F940802}
	EndGlobalSection
EndGlobal
